hash: dab17fab795de8198ee8967ddfd9b03833d5ae4ec3445dbd8cf505985e417126
updated: 2020-07-05T17:16:14.517159227+05:30
imports:
- name: github.com/davecgh/go-spew
  version: d8f796af33cc11cb798c1aaeb27a4ebc5099927d
  subpackages:
  - spew
- name: github.com/fatih/color
  version: daf2830f2741ebb735b21709a520c5f37d642d85
- name: github.com/franela/goreq
  version: bcd34c9993f899273c74baaa95e15386cd97b6e7
- name: github.com/mattn/go-colorable
  version: f6c00982823144337e56cdb71c712eaac151d29c
- name: github.com/mattn/go-isatty
  version: cb30d6282491c185f77d9bec5d25de1bb61a06bc
- name: github.com/Unaxiom/ulogger
  version: 548ab767c87c912a883286e942e32d1827802243
  subpackages:
  - structs
- name: golang.org/x/sys
  version: ddb9806d33aed8dbaac1cd6f1cba58952e87f933
  subpackages:
  - internal/unsafeheader
  - unix
- name: gopkg.in/jackc/pgx.v2
  version: 9bd22f689ac9f0f5445fb5dad24569d5cadf1773
testImports: []
